
Microsoft Visual Studio Solution File, Format Version 12.00
# Visual Studio Version 16
VisualStudioVersion = 16.0.29905.134
MinimumVisualStudioVersion = 10.0.40219.1
Project("{FAE04EC0-301F-11D3-BF4B-00C04F79EFBC}") = "ChessRules", "ChessRules.csproj", "{266C7E32-D360-4C75-AD9B-CCA5D46589C2}"
EndProject
Project("{FAE04EC0-301F-11D3-BF4B-00C04F79EFBC}") = "test2", "..\test2\test2.csproj", "{4570A8CC-9EE5-4863-A781-435F811139AE}"
EndProject
Global
	GlobalSection(SolutionConfigurationPlatforms) = preSolution
		Debug|Any CPU = Debug|Any CPU
		Release|Any CPU = Release|Any CPU
	EndGlobalSection
	GlobalSection(ProjectConfigurationPlatforms) = postSolution
		{266C7E32-D360-4C75-AD9B-CCA5D46589C2}.Debug|Any CPU.ActiveCfg = Debug|Any CPU
		{266C7E32-D360-4C75-AD9B-CCA5D46589C2}.Debug|Any CPU.Build.0 = Debug|Any CPU
		{266C7E32-D360-4C75-AD9B-CCA5D46589C2}.Release|Any CPU.ActiveCfg = Release|Any CPU
		{266C7E32-D360-4C75-AD9B-CCA5D46589C2}.Release|Any CPU.Build.0 = Release|Any CPU
		{4570A8CC-9EE5-4863-A781-435F811139AE}.Debug|Any CPU.ActiveCfg = Debug|Any CPU
		{4570A8CC-9EE5-4863-A781-435F811139AE}.Debug|Any CPU.Build.0 = Debug|Any CPU
		{4570A8CC-9EE5-4863-A781-435F811139AE}.Release|Any CPU.ActiveCfg = Release|Any CPU
		{4570A8CC-9EE5-4863-A781-435F811139AE}.Release|Any CPU.Build.0 = Release|Any CPU
	EndGlobalSection
	GlobalSection(SolutionProperties) = preSolution
		HideSolutionNode = FALSE
	EndGlobalSection
	GlobalSection(ExtensibilityGlobals) = postSolution
		SolutionGuid = {F29F43BD-9D2F-4280-9648-37CE937255AE}
	EndGlobalSection
EndGlobal
