
Microsoft Visual Studio Solution File, Format Version 12.00
# Visual Studio Version 16
VisualStudioVersion = 16.0.29905.134
MinimumVisualStudioVersion = 10.0.40219.1
Project("{00D1A9C2-B5F0-4AF3-8072-F6C62B433612}") = "CHESSDB", "CHESSDB.sqlproj", "{61C55B14-B875-4A88-868C-2D65C5B74176}"
EndProject
Global
	GlobalSection(SolutionConfigurationPlatforms) = preSolution
		Debug|Any CPU = Debug|Any CPU
		Release|Any CPU = Release|Any CPU
	EndGlobalSection
	GlobalSection(ProjectConfigurationPlatforms) = postSolution
		{61C55B14-B875-4A88-868C-2D65C5B74176}.Debug|Any CPU.ActiveCfg = Debug|Any CPU
		{61C55B14-B875-4A88-868C-2D65C5B74176}.Debug|Any CPU.Build.0 = Debug|Any CPU
		{61C55B14-B875-4A88-868C-2D65C5B74176}.Debug|Any CPU.Deploy.0 = Debug|Any CPU
		{61C55B14-B875-4A88-868C-2D65C5B74176}.Release|Any CPU.ActiveCfg = Release|Any CPU
		{61C55B14-B875-4A88-868C-2D65C5B74176}.Release|Any CPU.Build.0 = Release|Any CPU
		{61C55B14-B875-4A88-868C-2D65C5B74176}.Release|Any CPU.Deploy.0 = Release|Any CPU
	EndGlobalSection
	GlobalSection(SolutionProperties) = preSolution
		HideSolutionNode = FALSE
	EndGlobalSection
	GlobalSection(ExtensibilityGlobals) = postSolution
		SolutionGuid = {6072DD86-18B6-4D5C-BDB8-FF97680D5563}
	EndGlobalSection
EndGlobal
